/project
  ├── index.js          # your WhatsApp bot script (the one you pasted)
  ├── package.json      # defines dependencies & start command
  ├── package-lock.json # auto-generated after "npm install" (optional but recommended)
  └── session/          # folder where WhatsApp login credentials will be saved
